{
  "name": "model-injector",
  "version": "1.0.0",
  "lockfileVersion": 3,
  "requires": true,
  "packages": {
    "": {
      "name": "model-injector",
      "version": "1.0.0",
      "license": "ISC",
      "dependencies": {
        "plain-mihoyo-launcher": "^1.0.0"
      }
    },
    "node_modules/plain-mihoyo-launcher": {
      "version": "1.0.0",
      "resolved": "https://registry.npmjs.org/plain-mihoyo-launcher/-/plain-mihoyo-launcher-1.0.0.tgz",
      "integrity": "sha512-q/IPFjcVODDLO2rnM35aEecvb2+BcLTcGIX3D1KZoFsBq8nRSWBxMCBQXTYF8m0ziMpqnyR3JrW3E00peL9OzA=="
    }
  }
}
