{
  "name": "plain-mihoyo-launcher",
  "version": "1.0.13",
  "lockfileVersion": 3,
  "requires": true,
  "packages": {
    "": {
      "name": "plain-mihoyo-launcher",
      "version": "1.0.13",
      "dependencies": {
        "@types/adm-zip": "^0.5.5",
        "adm-zip": "^0.5.14",
        "commander": "^12.1.0"
      },
      "bin": {
        "mppc": "cli.js"
      }
    },
    "node_modules/@types/adm-zip": {
      "version": "0.5.5",
      "resolved": "https://registry.npmjs.org/@types/adm-zip/-/adm-zip-0.5.5.tgz",
      "integrity": "sha512-YCGstVMjc4LTY5uK9/obvxBya93axZOVOyf2GSUulADzmLhYE45u2nAssCs/fWBs1Ifq5Vat75JTPwd5XZoPJw==",
      "dependencies": {
        "@types/node": "*"
      }
    },
    "node_modules/@types/node": {
      "version": "20.14.10",
      "resolved": "https://registry.npmjs.org/@types/node/-/node-20.14.10.tgz",
      "integrity": "sha512-MdiXf+nDuMvY0gJKxyfZ7/6UFsETO7mGKF54MVD/ekJS6HdFtpZFBgrh6Pseu64XTb2MLyFPlbW6hj8HYRQNOQ==",
      "dependencies": {
        "undici-types": "~5.26.4"
      }
    },
    "node_modules/adm-zip": {
      "version": "0.5.14",
      "resolved": "https://registry.npmjs.org/adm-zip/-/adm-zip-0.5.14.tgz",
      "integrity": "sha512-DnyqqifT4Jrcvb8USYjp6FHtBpEIz1mnXu6pTRHZ0RL69LbQYiO+0lDFg5+OKA7U29oWSs3a/i8fhn8ZcceIWg==",
      "engines": {
        "node": ">=12.0"
      }
    },
    "node_modules/commander": {
      "version": "12.1.0",
      "resolved": "https://registry.npmjs.org/commander/-/commander-12.1.0.tgz",
      "integrity": "sha512-Vw8qHK3bZM9y/P10u3Vib8o/DdkvA2OtPtZvD871QKjy74Wj1WSKFILMPRPSdUSx5RFK1arlJzEtA4PkFgnbuA==",
      "engines": {
        "node": ">=18"
      }
    },
    "node_modules/undici-types": {
      "version": "5.26.5",
      "resolved": "https://registry.npmjs.org/undici-types/-/undici-types-5.26.5.tgz",
      "integrity": "sha512-JlCMO+ehdEIKqlFxk6IfVoAUVmgz7cU7zD/h9XZ0qzeosSHmUJVOzSQvvYSYWXkFXC+IfLKSIffhv0sVZup6pA=="
    }
  }
}
